github.com/danielrherr/Models v1.0.2 h1:/7SAkZ1K7a/M4yCILQFPsFXb7/QXzlVi2beatvny4xI=
github.com/danielrherr/Models v1.0.2/go.mod h1:Fx4q8wbWj3ihWulHwcCjlHqmE/VuuFpXoRsxWfT3syY=
github.com/danielrherr/Utils v1.0.1 h1:0NwBNi2OZS61PluqpRDHjerEnCtHov6rq4K6DZXrx38=
github.com/danielrherr/Utils v1.0.1/go.mod h1:7eAZsOk40coTOSUb8nGv1UWDl6/avBfkgPyv1TsN4H4=
